
Microsoft Visual Studio Solution File, Format Version 12.00
# Visual Studio Version 17
VisualStudioVersion = 17.13.35825.156
MinimumVisualStudioVersion = 10.0.40219.1
Project("{FAE04EC0-301F-11D3-BF4B-00C04F79EFBC}") = "Z1", "Z1\Z1.csproj", "{274FE748-D66C-4FF6-A8EB-536DE1AC97D2}"
EndProject
Project("{FAE04EC0-301F-11D3-BF4B-00C04F79EFBC}") = "Z2", "Z2\Z2.csproj", "{D085F143-71B0-48E9-A21E-E21C93E890E6}"
EndProject
Global
	GlobalSection(SolutionConfigurationPlatforms) = preSolution
		Debug|Any CPU = Debug|Any CPU
		Release|Any CPU = Release|Any CPU
	EndGlobalSection
	GlobalSection(ProjectConfigurationPlatforms) = postSolution
		{274FE748-D66C-4FF6-A8EB-536DE1AC97D2}.Debug|Any CPU.ActiveCfg = Debug|Any CPU
		{274FE748-D66C-4FF6-A8EB-536DE1AC97D2}.Debug|Any CPU.Build.0 = Debug|Any CPU
		{274FE748-D66C-4FF6-A8EB-536DE1AC97D2}.Release|Any CPU.ActiveCfg = Release|Any CPU
		{274FE748-D66C-4FF6-A8EB-536DE1AC97D2}.Release|Any CPU.Build.0 = Release|Any CPU
		{D085F143-71B0-48E9-A21E-E21C93E890E6}.Debug|Any CPU.ActiveCfg = Debug|Any CPU
		{D085F143-71B0-48E9-A21E-E21C93E890E6}.Debug|Any CPU.Build.0 = Debug|Any CPU
		{D085F143-71B0-48E9-A21E-E21C93E890E6}.Release|Any CPU.ActiveCfg = Release|Any CPU
		{D085F143-71B0-48E9-A21E-E21C93E890E6}.Release|Any CPU.Build.0 = Release|Any CPU
	EndGlobalSection
	GlobalSection(SolutionProperties) = preSolution
		HideSolutionNode = FALSE
	EndGlobalSection
	GlobalSection(ExtensibilityGlobals) = postSolution
		SolutionGuid = {E3071AFC-7236-4D2F-8300-352369D26E70}
	EndGlobalSection
EndGlobal
