
Microsoft Visual Studio Solution File, Format Version 12.00
# Visual Studio Version 17
VisualStudioVersion = 17.13.35825.156
MinimumVisualStudioVersion = 10.0.40219.1
Project("{FAE04EC0-301F-11D3-BF4B-00C04F79EFBC}") = "zadanie1_", "zadanie1_\zadanie1_.csproj", "{17A921A6-FBBE-4CEC-95EB-4206335868DE}"
EndProject
Project("{FAE04EC0-301F-11D3-BF4B-00C04F79EFBC}") = "zadanie2_", "zadanie2_\zadanie2_.csproj", "{DBC02775-9587-4077-9C0E-DC35FC9B5FA8}"
EndProject
Project("{FAE04EC0-301F-11D3-BF4B-00C04F79EFBC}") = "zadanie3_", "zadanie3_\zadanie3_.csproj", "{2BBFE159-0AB3-4732-A6A1-348ED7168A47}"
EndProject
Project("{FAE04EC0-301F-11D3-BF4B-00C04F79EFBC}") = "zadanie4_", "zadanie4_\zadanie4_.csproj", "{DA48ED6F-50DC-4AF8-A6FA-343CA0DD8FCF}"
EndProject
Project("{FAE04EC0-301F-11D3-BF4B-00C04F79EFBC}") = "zadanie5_", "zadanie5_\zadanie5_.csproj", "{8FB55C91-E7AB-4C58-B89C-B7C4BA89714D}"
EndProject
Global
	GlobalSection(SolutionConfigurationPlatforms) = preSolution
		Debug|Any CPU = Debug|Any CPU
		Release|Any CPU = Release|Any CPU
	EndGlobalSection
	GlobalSection(ProjectConfigurationPlatforms) = postSolution
		{17A921A6-FBBE-4CEC-95EB-4206335868DE}.Debug|Any CPU.ActiveCfg = Debug|Any CPU
		{17A921A6-FBBE-4CEC-95EB-4206335868DE}.Debug|Any CPU.Build.0 = Debug|Any CPU
		{17A921A6-FBBE-4CEC-95EB-4206335868DE}.Release|Any CPU.ActiveCfg = Release|Any CPU
		{17A921A6-FBBE-4CEC-95EB-4206335868DE}.Release|Any CPU.Build.0 = Release|Any CPU
		{DBC02775-9587-4077-9C0E-DC35FC9B5FA8}.Debug|Any CPU.ActiveCfg = Debug|Any CPU
		{DBC02775-9587-4077-9C0E-DC35FC9B5FA8}.Debug|Any CPU.Build.0 = Debug|Any CPU
		{DBC02775-9587-4077-9C0E-DC35FC9B5FA8}.Release|Any CPU.ActiveCfg = Release|Any CPU
		{DBC02775-9587-4077-9C0E-DC35FC9B5FA8}.Release|Any CPU.Build.0 = Release|Any CPU
		{2BBFE159-0AB3-4732-A6A1-348ED7168A47}.Debug|Any CPU.ActiveCfg = Debug|Any CPU
		{2BBFE159-0AB3-4732-A6A1-348ED7168A47}.Debug|Any CPU.Build.0 = Debug|Any CPU
		{2BBFE159-0AB3-4732-A6A1-348ED7168A47}.Release|Any CPU.ActiveCfg = Release|Any CPU
		{2BBFE159-0AB3-4732-A6A1-348ED7168A47}.Release|Any CPU.Build.0 = Release|Any CPU
		{DA48ED6F-50DC-4AF8-A6FA-343CA0DD8FCF}.Debug|Any CPU.ActiveCfg = Debug|Any CPU
		{DA48ED6F-50DC-4AF8-A6FA-343CA0DD8FCF}.Debug|Any CPU.Build.0 = Debug|Any CPU
		{DA48ED6F-50DC-4AF8-A6FA-343CA0DD8FCF}.Release|Any CPU.ActiveCfg = Release|Any CPU
		{DA48ED6F-50DC-4AF8-A6FA-343CA0DD8FCF}.Release|Any CPU.Build.0 = Release|Any CPU
		{8FB55C91-E7AB-4C58-B89C-B7C4BA89714D}.Debug|Any CPU.ActiveCfg = Debug|Any CPU
		{8FB55C91-E7AB-4C58-B89C-B7C4BA89714D}.Debug|Any CPU.Build.0 = Debug|Any CPU
		{8FB55C91-E7AB-4C58-B89C-B7C4BA89714D}.Release|Any CPU.ActiveCfg = Release|Any CPU
		{8FB55C91-E7AB-4C58-B89C-B7C4BA89714D}.Release|Any CPU.Build.0 = Release|Any CPU
	EndGlobalSection
	GlobalSection(SolutionProperties) = preSolution
		HideSolutionNode = FALSE
	EndGlobalSection
	GlobalSection(ExtensibilityGlobals) = postSolution
		SolutionGuid = {E3071AFC-7236-4D2F-8300-352369D26E70}
	EndGlobalSection
EndGlobal
